
Microsoft Visual Studio Solution File, Format Version 12.00
# Visual Studio Version 16
VisualStudioVersion = 16.0.32228.343
MinimumVisualStudioVersion = 10.0.40219.1
Project("{FAE04EC0-301F-11D3-BF4B-00C04F79EFBC}") = "ExemploHerançaEncapsulamento", "ExemploHerançaEncapsulamento\ExemploHerançaEncapsulamento.csproj", "{867E1C63-9A15-4C11-B036-FBA2A2389E5F}"
EndProject
Global
	GlobalSection(SolutionConfigurationPlatforms) = preSolution
		Debug|Any CPU = Debug|Any CPU
		Release|Any CPU = Release|Any CPU
	EndGlobalSection
	GlobalSection(ProjectConfigurationPlatforms) = postSolution
		{867E1C63-9A15-4C11-B036-FBA2A2389E5F}.Debug|Any CPU.ActiveCfg = Debug|Any CPU
		{867E1C63-9A15-4C11-B036-FBA2A2389E5F}.Debug|Any CPU.Build.0 = Debug|Any CPU
		{867E1C63-9A15-4C11-B036-FBA2A2389E5F}.Release|Any CPU.ActiveCfg = Release|Any CPU
		{867E1C63-9A15-4C11-B036-FBA2A2389E5F}.Release|Any CPU.Build.0 = Release|Any CPU
	EndGlobalSection
	GlobalSection(SolutionProperties) = preSolution
		HideSolutionNode = FALSE
	EndGlobalSection
	GlobalSection(ExtensibilityGlobals) = postSolution
		SolutionGuid = {276F9163-A877-42E6-B382-00D7A7BAC7F5}
	EndGlobalSection
EndGlobal
